# This file is autogenerated, do not edit; changes may be undone by the next 'dep ensure'.


[[projects]]
  branch = "master"
  digest = "1:055e0539db2ff375e356db6961eae161858fc360bfa20c4f82ada1e271756176"
  name = "github.com/dgryski/go-metro"
  packages = ["."]
  pruneopts = "UT"
  revision = "280f6062b5bc97ee9b9afe7f2ccb361e59845baa"

[[projects]]
  branch = "master"
  digest = "1:9491f50f128bf6be77c9ecf953bea2b1c39d9f91d9a60b3af7ec922c6da07b8e"
  name = "github.com/leemcloughlin/gofarmhash"
  packages = ["."]
  pruneopts = "UT"
  revision = "0a055c5b87a8c55ce83459cbf2776b563822a942"

[solve-meta]
  analyzer-name = "dep"
  analyzer-version = 1
  input-imports = [
    "github.com/dgryski/go-metro",
    "github.com/leemcloughlin/gofarmhash",
  ]
  solver-name = "gps-cdcl"
  solver-version = 1
